
Microsoft Visual Studio Solution File, Format Version 12.00
# Visual Studio Version 17
VisualStudioVersion = 17.4.33213.308
MinimumVisualStudioVersion = 10.0.40219.1
Project("{8BC9CEB8-8B4A-11D0-8D11-00A0C91BC942}") = "ConsoleApplication1", "ConsoleApplication1\ConsoleApplication1.vcxproj", "{1FF624E1-18C0-474F-AED0-44A803CB3DD7}"
EndProject
Project("{8BC9CEB8-8B4A-11D0-8D11-00A0C91BC942}") = "NfqLib", "NfqLib\NfqLib.vcxproj", "{C9419E76-E798-4E30-AF25-EFDD27432E25}"
EndProject
Project("{9A19103F-16F7-4668-BE54-9A1E7A4F7556}") = "NfqProjection", "NfqProjection\NfqProjection.csproj", "{22CB4501-0F9F-4244-8CF3-51AED82A7C08}"
EndProject
Project("{9A19103F-16F7-4668-BE54-9A1E7A4F7556}") = "NfqApp", "NfqApp\NfqApp.csproj", "{D31CAE38-75BF-41CE-9967-A31B296248D3}"
EndProject
Global
	GlobalSection(SolutionConfigurationPlatforms) = preSolution
		Debug|Any CPU = Debug|Any CPU
		Debug|ARM64 = Debug|ARM64
		Debug|x64 = Debug|x64
		Debug|x86 = Debug|x86
		Release|Any CPU = Release|Any CPU
		Release|ARM64 = Release|ARM64
		Release|x64 = Release|x64
		Release|x86 = Release|x86
	EndGlobalSection
	GlobalSection(ProjectConfigurationPlatforms) = postSolution
		{1FF624E1-18C0-474F-AED0-44A803CB3DD7}.Debug|Any CPU.ActiveCfg = Debug|x64
		{1FF624E1-18C0-474F-AED0-44A803CB3DD7}.Debug|Any CPU.Build.0 = Debug|x64
		{1FF624E1-18C0-474F-AED0-44A803CB3DD7}.Debug|ARM64.ActiveCfg = Debug|x64
		{1FF624E1-18C0-474F-AED0-44A803CB3DD7}.Debug|ARM64.Build.0 = Debug|x64
		{1FF624E1-18C0-474F-AED0-44A803CB3DD7}.Debug|x64.ActiveCfg = Debug|x64
		{1FF624E1-18C0-474F-AED0-44A803CB3DD7}.Debug|x64.Build.0 = Debug|x64
		{1FF624E1-18C0-474F-AED0-44A803CB3DD7}.Debug|x86.ActiveCfg = Debug|Win32
		{1FF624E1-18C0-474F-AED0-44A803CB3DD7}.Debug|x86.Build.0 = Debug|Win32
		{1FF624E1-18C0-474F-AED0-44A803CB3DD7}.Release|Any CPU.ActiveCfg = Release|x64
		{1FF624E1-18C0-474F-AED0-44A803CB3DD7}.Release|Any CPU.Build.0 = Release|x64
		{1FF624E1-18C0-474F-AED0-44A803CB3DD7}.Release|ARM64.ActiveCfg = Release|x64
		{1FF624E1-18C0-474F-AED0-44A803CB3DD7}.Release|ARM64.Build.0 = Release|x64
		{1FF624E1-18C0-474F-AED0-44A803CB3DD7}.Release|x64.ActiveCfg = Release|x64
		{1FF624E1-18C0-474F-AED0-44A803CB3DD7}.Release|x64.Build.0 = Release|x64
		{1FF624E1-18C0-474F-AED0-44A803CB3DD7}.Release|x86.ActiveCfg = Release|Win32
		{1FF624E1-18C0-474F-AED0-44A803CB3DD7}.Release|x86.Build.0 = Release|Win32
		{C9419E76-E798-4E30-AF25-EFDD27432E25}.Debug|Any CPU.ActiveCfg = Debug|x64
		{C9419E76-E798-4E30-AF25-EFDD27432E25}.Debug|Any CPU.Build.0 = Debug|x64
		{C9419E76-E798-4E30-AF25-EFDD27432E25}.Debug|ARM64.ActiveCfg = Debug|x64
		{C9419E76-E798-4E30-AF25-EFDD27432E25}.Debug|ARM64.Build.0 = Debug|x64
		{C9419E76-E798-4E30-AF25-EFDD27432E25}.Debug|x64.ActiveCfg = Debug|x64
		{C9419E76-E798-4E30-AF25-EFDD27432E25}.Debug|x64.Build.0 = Debug|x64
		{C9419E76-E798-4E30-AF25-EFDD27432E25}.Debug|x86.ActiveCfg = Debug|Win32
		{C9419E76-E798-4E30-AF25-EFDD27432E25}.Debug|x86.Build.0 = Debug|Win32
		{C9419E76-E798-4E30-AF25-EFDD27432E25}.Release|Any CPU.ActiveCfg = Release|x64
		{C9419E76-E798-4E30-AF25-EFDD27432E25}.Release|Any CPU.Build.0 = Release|x64
		{C9419E76-E798-4E30-AF25-EFDD27432E25}.Release|ARM64.ActiveCfg = Release|x64
		{C9419E76-E798-4E30-AF25-EFDD27432E25}.Release|ARM64.Build.0 = Release|x64
		{C9419E76-E798-4E30-AF25-EFDD27432E25}.Release|x64.ActiveCfg = Release|x64
		{C9419E76-E798-4E30-AF25-EFDD27432E25}.Release|x64.Build.0 = Release|x64
		{C9419E76-E798-4E30-AF25-EFDD27432E25}.Release|x86.ActiveCfg = Release|Win32
		{C9419E76-E798-4E30-AF25-EFDD27432E25}.Release|x86.Build.0 = Release|Win32
		{22CB4501-0F9F-4244-8CF3-51AED82A7C08}.Debug|Any CPU.ActiveCfg = Debug|Any CPU
		{22CB4501-0F9F-4244-8CF3-51AED82A7C08}.Debug|Any CPU.Build.0 = Debug|Any CPU
		{22CB4501-0F9F-4244-8CF3-51AED82A7C08}.Debug|ARM64.ActiveCfg = Debug|Any CPU
		{22CB4501-0F9F-4244-8CF3-51AED82A7C08}.Debug|ARM64.Build.0 = Debug|Any CPU
		{22CB4501-0F9F-4244-8CF3-51AED82A7C08}.Debug|x64.ActiveCfg = Debug|Any CPU
		{22CB4501-0F9F-4244-8CF3-51AED82A7C08}.Debug|x64.Build.0 = Debug|Any CPU
		{22CB4501-0F9F-4244-8CF3-51AED82A7C08}.Debug|x86.ActiveCfg = Debug|Any CPU
		{22CB4501-0F9F-4244-8CF3-51AED82A7C08}.Debug|x86.Build.0 = Debug|Any CPU
		{22CB4501-0F9F-4244-8CF3-51AED82A7C08}.Release|Any CPU.ActiveCfg = Release|Any CPU
		{22CB4501-0F9F-4244-8CF3-51AED82A7C08}.Release|Any CPU.Build.0 = Release|Any CPU
		{22CB4501-0F9F-4244-8CF3-51AED82A7C08}.Release|ARM64.ActiveCfg = Release|Any CPU
		{22CB4501-0F9F-4244-8CF3-51AED82A7C08}.Release|ARM64.Build.0 = Release|Any CPU
		{22CB4501-0F9F-4244-8CF3-51AED82A7C08}.Release|x64.ActiveCfg = Release|Any CPU
		{22CB4501-0F9F-4244-8CF3-51AED82A7C08}.Release|x64.Build.0 = Release|Any CPU
		{22CB4501-0F9F-4244-8CF3-51AED82A7C08}.Release|x86.ActiveCfg = Release|Any CPU
		{22CB4501-0F9F-4244-8CF3-51AED82A7C08}.Release|x86.Build.0 = Release|Any CPU
		{D31CAE38-75BF-41CE-9967-A31B296248D3}.Debug|Any CPU.ActiveCfg = Debug|x64
		{D31CAE38-75BF-41CE-9967-A31B296248D3}.Debug|Any CPU.Build.0 = Debug|x64
		{D31CAE38-75BF-41CE-9967-A31B296248D3}.Debug|Any CPU.Deploy.0 = Debug|x64
		{D31CAE38-75BF-41CE-9967-A31B296248D3}.Debug|ARM64.ActiveCfg = Debug|ARM64
		{D31CAE38-75BF-41CE-9967-A31B296248D3}.Debug|ARM64.Build.0 = Debug|ARM64
		{D31CAE38-75BF-41CE-9967-A31B296248D3}.Debug|ARM64.Deploy.0 = Debug|ARM64
		{D31CAE38-75BF-41CE-9967-A31B296248D3}.Debug|x64.ActiveCfg = Debug|x64
		{D31CAE38-75BF-41CE-9967-A31B296248D3}.Debug|x64.Build.0 = Debug|x64
		{D31CAE38-75BF-41CE-9967-A31B296248D3}.Debug|x64.Deploy.0 = Debug|x64
		{D31CAE38-75BF-41CE-9967-A31B296248D3}.Debug|x86.ActiveCfg = Debug|x86
		{D31CAE38-75BF-41CE-9967-A31B296248D3}.Debug|x86.Build.0 = Debug|x86
		{D31CAE38-75BF-41CE-9967-A31B296248D3}.Debug|x86.Deploy.0 = Debug|x86
		{D31CAE38-75BF-41CE-9967-A31B296248D3}.Release|Any CPU.ActiveCfg = Release|x64
		{D31CAE38-75BF-41CE-9967-A31B296248D3}.Release|Any CPU.Build.0 = Release|x64
		{D31CAE38-75BF-41CE-9967-A31B296248D3}.Release|Any CPU.Deploy.0 = Release|x64
		{D31CAE38-75BF-41CE-9967-A31B296248D3}.Release|ARM64.ActiveCfg = Release|ARM64
		{D31CAE38-75BF-41CE-9967-A31B296248D3}.Release|ARM64.Build.0 = Release|ARM64
		{D31CAE38-75BF-41CE-9967-A31B296248D3}.Release|ARM64.Deploy.0 = Release|ARM64
		{D31CAE38-75BF-41CE-9967-A31B296248D3}.Release|x64.ActiveCfg = Release|x64
		{D31CAE38-75BF-41CE-9967-A31B296248D3}.Release|x64.Build.0 = Release|x64
		{D31CAE38-75BF-41CE-9967-A31B296248D3}.Release|x64.Deploy.0 = Release|x64
		{D31CAE38-75BF-41CE-9967-A31B296248D3}.Release|x86.ActiveCfg = Release|x86
		{D31CAE38-75BF-41CE-9967-A31B296248D3}.Release|x86.Build.0 = Release|x86
		{D31CAE38-75BF-41CE-9967-A31B296248D3}.Release|x86.Deploy.0 = Release|x86
	EndGlobalSection
	GlobalSection(SolutionProperties) = preSolution
		HideSolutionNode = FALSE
	EndGlobalSection
	GlobalSection(ExtensibilityGlobals) = postSolution
		SolutionGuid = {23C3ECB7-AD9F-4878-9318-CF32EFCA38BD}
	EndGlobalSection
EndGlobal
