<?xml version="1.0" encoding="utf-8"?>
<Project ToolsVersion="4.0" xmlns="http://schemas.microsoft.com/developer/msbuild/2003">
  <ItemGroup>
    <ClCompile Include="pch.cpp" />
    <ClCompile Include="$(GeneratedFilesDir)module.g.cpp" />
  </ItemGroup>
  <ItemGroup>
    <ClInclude Include="pch.h" />
    <ClInclude Include="QueryBenchmarkUtils.h">
      <Filter>QueryBenchmarkHelpers</Filter>
    </ClInclude>
  </ItemGroup>
  <ItemGroup>
    <AppxManifest Include="..\nfqapp\package.appxmanifest" />
  </ItemGroup>
  <ItemGroup>
    <Midl Include="FileExplorerHelper.idl" />
    <Midl Include="StorageFileQueryBenchmark.idl">
      <Filter>QueryBenchmarkHelpers</Filter>
    </Midl>
    <Midl Include="BenchmarkResult.idl">
      <Filter>QueryBenchmarkHelpers</Filter>
    </Midl>
    <Midl Include="FindNextFileBenchmark.idl">
      <Filter>QueryBenchmarkHelpers</Filter>
    </Midl>
    <Midl Include="OleDbQueryBenchmark.idl">
      <Filter>QueryBenchmarkHelpers</Filter>
    </Midl>
    <Midl Include="SortOrder.idl" />
    <Midl Include="Win32FileSystemQueryOptions.idl">
      <Filter>Win32FileSystem</Filter>
    </Midl>
    <Midl Include="Win32FileSystemQuery.idl">
      <Filter>Win32FileSystem</Filter>
    </Midl>
    <Midl Include="Win32File.idl">
      <Filter>Win32FileSystem</Filter>
    </Midl>
  </ItemGroup>
  <ItemGroup>
    <None Include="packages.config" />
    <None Include="NfqLib.def" />
    <None Include="PropertySheet.props" />
  </ItemGroup>
  <ItemGroup>
    <Text Include="readme.txt" />
  </ItemGroup>
  <ItemGroup>
    <Filter Include="QueryBenchmarkHelpers">
      <UniqueIdentifier>{efca20fd-80ef-42bc-bf52-93c961eae159}</UniqueIdentifier>
    </Filter>
    <Filter Include="Win32FileSystem">
      <UniqueIdentifier>{d0d99837-c697-4723-a80c-c088b1bc6224}</UniqueIdentifier>
    </Filter>
  </ItemGroup>
  <ItemGroup>
    <Natvis Include="$(MSBuildThisFileDirectory)..\..\natvis\wil.natvis" />
  </ItemGroup>
</Project>